
Microsoft Visual Studio Solution File, Format Version 12.00
# Visual Studio Version 17
VisualStudioVersion = 17.3.32825.248
MinimumVisualStudioVersion = 10.0.40219.1
Project("{FAE04EC0-301F-11D3-BF4B-00C04F79EFBC}") = "GOLStartUpTemplate1", "GOLStartUpTemplate1\GOLStartUpTemplate1.csproj", "{03D19766-9E39-434D-B179-330F3093DD4E}"
EndProject
Global
	GlobalSection(SolutionConfigurationPlatforms) = preSolution
		Debug|Any CPU = Debug|Any CPU
		Release|Any CPU = Release|Any CPU
	EndGlobalSection
	GlobalSection(ProjectConfigurationPlatforms) = postSolution
		{03D19766-9E39-434D-B179-330F3093DD4E}.Debug|Any CPU.ActiveCfg = Debug|Any CPU
		{03D19766-9E39-434D-B179-330F3093DD4E}.Debug|Any CPU.Build.0 = Debug|Any CPU
		{03D19766-9E39-434D-B179-330F3093DD4E}.Release|Any CPU.ActiveCfg = Release|Any CPU
		{03D19766-9E39-434D-B179-330F3093DD4E}.Release|Any CPU.Build.0 = Release|Any CPU
	EndGlobalSection
	GlobalSection(SolutionProperties) = preSolution
		HideSolutionNode = FALSE
	EndGlobalSection
	GlobalSection(ExtensibilityGlobals) = postSolution
		SolutionGuid = {BE699E63-4978-4576-8DD4-947B3DD29BAE}
	EndGlobalSection
EndGlobal
